{
  "name": "nomad",
  "lockfileVersion": 2,
  "requires": true,
  "packages": {
    "": {
      "dependencies": {
        "twgl.js": "^5.2.0"
      }
    },
    "node_modules/twgl.js": {
      "version": "5.2.0",
      "resolved": "https://registry.npmjs.org/twgl.js/-/twgl.js-5.2.0.tgz",
      "integrity": "sha512-DuiCzdjO3PNOrxbxHMYuhvVPhBaH0f3WThJSixFU4eNnpe0NzECMeaEEe/aznt+EJ5JAU3pXyeXiYSgEJHJH4A=="
    }
  },
  "dependencies": {
    "twgl.js": {
      "version": "5.2.0",
      "resolved": "https://registry.npmjs.org/twgl.js/-/twgl.js-5.2.0.tgz",
      "integrity": "sha512-DuiCzdjO3PNOrxbxHMYuhvVPhBaH0f3WThJSixFU4eNnpe0NzECMeaEEe/aznt+EJ5JAU3pXyeXiYSgEJHJH4A=="
    }
  }
}
